
Microsoft Visual Studio Solution File, Format Version 12.00
# Visual Studio Version 17
VisualStudioVersion = 17.14.36202.13 d17.14
MinimumVisualStudioVersion = 10.0.40219.1
Project("{FAE04EC0-301F-11D3-BF4B-00C04F79EFBC}") = "homework11.1", "homework11.1\homework11.1.csproj", "{BE196233-3A96-4AF2-A6DB-51DEC4E19FE2}"
EndProject
Global
	GlobalSection(SolutionConfigurationPlatforms) = preSolution
		Debug|Any CPU = Debug|Any CPU
		Release|Any CPU = Release|Any CPU
	EndGlobalSection
	GlobalSection(ProjectConfigurationPlatforms) = postSolution
		{BE196233-3A96-4AF2-A6DB-51DEC4E19FE2}.Debug|Any CPU.ActiveCfg = Debug|Any CPU
		{BE196233-3A96-4AF2-A6DB-51DEC4E19FE2}.Debug|Any CPU.Build.0 = Debug|Any CPU
		{BE196233-3A96-4AF2-A6DB-51DEC4E19FE2}.Release|Any CPU.ActiveCfg = Release|Any CPU
		{BE196233-3A96-4AF2-A6DB-51DEC4E19FE2}.Release|Any CPU.Build.0 = Release|Any CPU
	EndGlobalSection
	GlobalSection(SolutionProperties) = preSolution
		HideSolutionNode = FALSE
	EndGlobalSection
	GlobalSection(ExtensibilityGlobals) = postSolution
		SolutionGuid = {E72E1681-6C10-477B-8410-0A7507C07038}
	EndGlobalSection
EndGlobal
